// !$*UTF8*$!
{
	archiveVersion = 1;
	classes = {
	};
	objectVersion = 77;
	objects = {

/* Begin PBXFileReference section */
		051DEBFB2E5F140E00BD4C99 /* ch04.playground */ = {isa = PBXFileReference; lastKnownFileType = file.playground; path = ch04.playground; sourceTree = "<group>"; xcLanguageSpecificationIdentifier = xcode.lang.swift; };
		05761BA22E5F1CCA008DB790 /* ch05.playground */ = {isa = PBXFileReference; lastKnownFileType = file.playground; path = ch05.playground; sourceTree = "<group>"; xcLanguageSpecificationIdentifier = xcode.lang.swift; };
		05761BA32E6136FF008DB790 /* ch06.playground */ = {isa = PBXFileReference; lastKnownFileType = file.playground; path = ch06.playground; sourceTree = "<group>"; xcLanguageSpecificationIdentifier = xcode.lang.swift; };
		05761BA42E6168A9008DB790 /* ch07.playground */ = {isa = PBXFileReference; lastKnownFileType = file.playground; path = ch07.playground; sourceTree = "<group>"; xcLanguageSpecificationIdentifier = xcode.lang.swift; };
		05761BA52E616CDE008DB790 /* ch08.playground */ = {isa = PBXFileReference; lastKnownFileType = file.playground; path = ch08.playground; sourceTree = "<group>"; xcLanguageSpecificationIdentifier = xcode.lang.swift; };
		05761BA62E616E82008DB790 /* ch09.playground */ = {isa = PBXFileReference; lastKnownFileType = file.playground; path = ch09.playground; sourceTree = "<group>"; xcLanguageSpecificationIdentifier = xcode.lang.swift; };
		05761BA72E61A82D008DB790 /* ch10.playground */ = {isa = PBXFileReference; lastKnownFileType = file.playground; path = ch10.playground; sourceTree = "<group>"; xcLanguageSpecificationIdentifier = xcode.lang.swift; };
		05761BA82E62886C008DB790 /* ch11.playground */ = {isa = PBXFileReference; lastKnownFileType = file.playground; path = ch11.playground; sourceTree = "<group>"; xcLanguageSpecificationIdentifier = xcode.lang.swift; };
		05761BA92E62A1E6008DB790 /* ch12.playground */ = {isa = PBXFileReference; lastKnownFileType = file.playground; path = ch12.playground; sourceTree = "<group>"; xcLanguageSpecificationIdentifier = xcode.lang.swift; };
		05761BAA2E62A619008DB790 /* ch13.playground */ = {isa = PBXFileReference; lastKnownFileType = file.playground; path = ch13.playground; sourceTree = "<group>"; xcLanguageSpecificationIdentifier = xcode.lang.swift; };
		05761BAB2E62ABCA008DB790 /* ch14.playground */ = {isa = PBXFileReference; lastKnownFileType = file.playground; path = ch14.playground; sourceTree = "<group>"; xcLanguageSpecificationIdentifier = xcode.lang.swift; };
		05761BAC2E62B23F008DB790 /* ch15.playground */ = {isa = PBXFileReference; lastKnownFileType = file.playground; path = ch15.playground; sourceTree = "<group>"; xcLanguageSpecificationIdentifier = xcode.lang.swift; };
/* End PBXFileReference section */

/* Begin PBXGroup section */
		051DEBF42E5F13DC00BD4C99 = {
			isa = PBXGroup;
			children = (
				05761BAC2E62B23F008DB790 /* ch15.playground */,
				05761BAB2E62ABCA008DB790 /* ch14.playground */,
				05761BAA2E62A619008DB790 /* ch13.playground */,
				05761BA92E62A1E6008DB790 /* ch12.playground */,
				05761BA82E62886C008DB790 /* ch11.playground */,
				05761BA72E61A82D008DB790 /* ch10.playground */,
				05761BA62E616E82008DB790 /* ch09.playground */,
				05761BA52E616CDE008DB790 /* ch08.playground */,
				05761BA42E6168A9008DB790 /* ch07.playground */,
				05761BA32E6136FF008DB790 /* ch06.playground */,
				05761BA22E5F1CCA008DB790 /* ch05.playground */,
				051DEBFB2E5F140E00BD4C99 /* ch04.playground */,
			);
			sourceTree = "<group>";
		};
/* End PBXGroup section */

/* Begin PBXProject section */
		051DEBF52E5F13DC00BD4C99 /* Project object */ = {
			isa = PBXProject;
			attributes = {
				BuildIndependentTargetsInParallel = 1;
				LastUpgradeCheck = 1630;
			};
			buildConfigurationList = 051DEBF82E5F13DC00BD4C99 /* Build configuration list for PBXProject "practice" */;
			developmentRegion = en;
			hasScannedForEncodings = 0;
			knownRegions = (
				en,
				Base,
			);
			mainGroup = 051DEBF42E5F13DC00BD4C99;
			minimizedProjectReferenceProxies = 1;
			preferredProjectObjectVersion = 77;
			projectDirPath = "";
			projectRoot = "";
			targets = (
			);
		};
/* End PBXProject section */

/* Begin XCBuildConfiguration section */
		051DEBF92E5F13DC00BD4C99 /* Debug */ = {
			isa = XCBuildConfiguration;
			buildSettings = {
				DEVELOPMENT_TEAM = FKU42A6WJ8;
			};
			name = Debug;
		};
		051DEBFA2E5F13DC00BD4C99 /* Release */ = {
			isa = XCBuildConfiguration;
			buildSettings = {
				DEVELOPMENT_TEAM = FKU42A6WJ8;
			};
			name = Release;
		};
/* End XCBuildConfiguration section */

/* Begin XCConfigurationList section */
		051DEBF82E5F13DC00BD4C99 /* Build configuration list for PBXProject "practice" */ = {
			isa = XCConfigurationList;
			buildConfigurations = (
				051DEBF92E5F13DC00BD4C99 /* Debug */,
				051DEBFA2E5F13DC00BD4C99 /* Release */,
			);
			defaultConfigurationIsVisible = 0;
			defaultConfigurationName = Release;
		};
/* End XCConfigurationList section */
	};
	rootObject = 051DEBF52E5F13DC00BD4C99 /* Project object */;
}
